
Microsoft Visual Studio Solution File, Format Version 12.00
# Visual Studio 14
VisualStudioVersion = 14.0.25420.1
MinimumVisualStudioVersion = 10.0.40219.1
Project("{FAE04EC0-301F-11D3-BF4B-00C04F79EFBC}") = "EmployeeService", "EmployeeService\EmployeeService.csproj", "{2A1700DA-BB70-4B51-B33D-04478DE73C12}"
EndProject
Project("{FAE04EC0-301F-11D3-BF4B-00C04F79EFBC}") = "EmployeeDataAccess", "EmployeeDataAccess\EmployeeDataAccess.csproj", "{DFC94B6B-B129-41AD-9C37-17522C8FAEBA}"
EndProject
Global
	GlobalSection(SolutionConfigurationPlatforms) = preSolution
		Debug|Any CPU = Debug|Any CPU
		Release|Any CPU = Release|Any CPU
	EndGlobalSection
	GlobalSection(ProjectConfigurationPlatforms) = postSolution
		{2A1700DA-BB70-4B51-B33D-04478DE73C12}.Debug|Any CPU.ActiveCfg = Debug|Any CPU
		{2A1700DA-BB70-4B51-B33D-04478DE73C12}.Debug|Any CPU.Build.0 = Debug|Any CPU
		{2A1700DA-BB70-4B51-B33D-04478DE73C12}.Release|Any CPU.ActiveCfg = Release|Any CPU
		{2A1700DA-BB70-4B51-B33D-04478DE73C12}.Release|Any CPU.Build.0 = Release|Any CPU
		{DFC94B6B-B129-41AD-9C37-17522C8FAEBA}.Debug|Any CPU.ActiveCfg = Debug|Any CPU
		{DFC94B6B-B129-41AD-9C37-17522C8FAEBA}.Debug|Any CPU.Build.0 = Debug|Any CPU
		{DFC94B6B-B129-41AD-9C37-17522C8FAEBA}.Release|Any CPU.ActiveCfg = Release|Any CPU
		{DFC94B6B-B129-41AD-9C37-17522C8FAEBA}.Release|Any CPU.Build.0 = Release|Any CPU
	EndGlobalSection
	GlobalSection(SolutionProperties) = preSolution
		HideSolutionNode = FALSE
	EndGlobalSection
EndGlobal
